// !$*UTF8*$!
{
	archiveVersion = 1;
	classes = {
	};
	objectVersion = 50;
	objects = {

/* Begin PBXBuildFile section */
		14AC870126158BA4001D287A /* WeatherVIiewModel.swift in Sources */ = {isa = PBXBuildFile; fileRef = 14AC870026158BA3001D287A /* WeatherVIiewModel.swift */; };
		14AE1B922614E52100A9911F /* AppDelegate.swift in Sources */ = {isa = PBXBuildFile; fileRef = 14AE1B912614E52100A9911F /* AppDelegate.swift */; };
		14AE1B942614E52100A9911F /* SceneDelegate.swift in Sources */ = {isa = PBXBuildFile; fileRef = 14AE1B932614E52100A9911F /* SceneDelegate.swift */; };
		14AE1B962614E52100A9911F /* WeatherViewController.swift in Sources */ = {isa = PBXBuildFile; fileRef = 14AE1B952614E52100A9911F /* WeatherViewController.swift */; };
		14AE1B992614E52100A9911F /* Main.storyboard in Resources */ = {isa = PBXBuildFile; fileRef = 14AE1B972614E52100A9911F /* Main.storyboard */; };
		14AE1B9B2614E52200A9911F /* Assets.xcassets in Resources */ = {isa = PBXBuildFile; fileRef = 14AE1B9A2614E52200A9911F /* Assets.xcassets */; };
		14AE1B9E2614E52200A9911F /* LaunchScreen.storyboard in Resources */ = {isa = PBXBuildFile; fileRef = 14AE1B9C2614E52200A9911F /* LaunchScreen.storyboard */; };
		14AE1BAB26151CAF00A9911F /* WeatherData.swift in Sources */ = {isa = PBXBuildFile; fileRef = 14AE1BAA26151CAF00A9911F /* WeatherData.swift */; };
		14AE1BB52615383D00A9911F /* WeatherTempData.swift in Sources */ = {isa = PBXBuildFile; fileRef = 14AE1BB42615383D00A9911F /* WeatherTempData.swift */; };
/* End PBXBuildFile section */

/* Begin PBXFileReference section */
		14AC870026158BA3001D287A /* WeatherVIiewModel.swift */ = {isa = PBXFileReference; lastKnownFileType = sourcecode.swift; path = WeatherVIiewModel.swift; sourceTree = "<group>"; };
		14AE1B8E2614E52100A9911F /* WeatherApp.app */ = {isa = PBXFileReference; explicitFileType = wrapper.application; includeInIndex = 0; path = WeatherApp.app; sourceTree = BUILT_PRODUCTS_DIR; };
		14AE1B912614E52100A9911F /* AppDelegate.swift */ = {isa = PBXFileReference; lastKnownFileType = sourcecode.swift; path = AppDelegate.swift; sourceTree = "<group>"; };
		14AE1B932614E52100A9911F /* SceneDelegate.swift */ = {isa = PBXFileReference; lastKnownFileType = sourcecode.swift; path = SceneDelegate.swift; sourceTree = "<group>"; };
		14AE1B952614E52100A9911F /* WeatherViewController.swift */ = {isa = PBXFileReference; lastKnownFileType = sourcecode.swift; path = WeatherViewController.swift; sourceTree = "<group>"; };
		14AE1B982614E52100A9911F /* Base */ = {isa = PBXFileReference; lastKnownFileType = file.storyboard; name = Base; path = Base.lproj/Main.storyboard; sourceTree = "<group>"; };
		14AE1B9A2614E52200A9911F /* Assets.xcassets */ = {isa = PBXFileReference; lastKnownFileType = folder.assetcatalog; path = Assets.xcassets; sourceTree = "<group>"; };
		14AE1B9D2614E52200A9911F /* Base */ = {isa = PBXFileReference; lastKnownFileType = file.storyboard; name = Base; path = Base.lproj/LaunchScreen.storyboard; sourceTree = "<group>"; };
		14AE1B9F2614E52200A9911F /* Info.plist */ = {isa = PBXFileReference; lastKnownFileType = text.plist.xml; path = Info.plist; sourceTree = "<group>"; };
		14AE1BAA26151CAF00A9911F /* WeatherData.swift */ = {isa = PBXFileReference; lastKnownFileType = sourcecode.swift; path = WeatherData.swift; sourceTree = "<group>"; };
		14AE1BB42615383D00A9911F /* WeatherTempData.swift */ = {isa = PBXFileReference; lastKnownFileType = sourcecode.swift; path = WeatherTempData.swift; sourceTree = "<group>"; };
/* End PBXFileReference section */

/* Begin PBXFrameworksBuildPhase section */
		14AE1B8B2614E52100A9911F /* Frameworks */ = {
			isa = PBXFrameworksBuildPhase;
			buildActionMask = 2147483647;
			files = (
			);
			runOnlyForDeploymentPostprocessing = 0;
		};
/* End PBXFrameworksBuildPhase section */

/* Begin PBXGroup section */
		14AE1B852614E52100A9911F = {
			isa = PBXGroup;
			children = (
				14AE1B902614E52100A9911F /* WeatherApp */,
				14AE1B8F2614E52100A9911F /* Products */,
			);
			sourceTree = "<group>";
		};
		14AE1B8F2614E52100A9911F /* Products */ = {
			isa = PBXGroup;
			children = (
				14AE1B8E2614E52100A9911F /* WeatherApp.app */,
			);
			name = Products;
			sourceTree = "<group>";
		};
		14AE1B902614E52100A9911F /* WeatherApp */ = {
			isa = PBXGroup;
			children = (
				14AE1B912614E52100A9911F /* AppDelegate.swift */,
				14AE1B932614E52100A9911F /* SceneDelegate.swift */,
				14AE1BAF26151E0D00A9911F /* Model */,
				14AE1BAE26151E0800A9911F /* View */,
				14AE1BAD26151DFD00A9911F /* Controller */,
				14AE1B9A2614E52200A9911F /* Assets.xcassets */,
				14AE1B9C2614E52200A9911F /* LaunchScreen.storyboard */,
				14AE1B9F2614E52200A9911F /* Info.plist */,
			);
			path = WeatherApp;
			sourceTree = "<group>";
		};
		14AE1BAD26151DFD00A9911F /* Controller */ = {
			isa = PBXGroup;
			children = (
				14AE1B952614E52100A9911F /* WeatherViewController.swift */,
			);
			path = Controller;
			sourceTree = "<group>";
		};
		14AE1BAE26151E0800A9911F /* View */ = {
			isa = PBXGroup;
			children = (
				14AE1B972614E52100A9911F /* Main.storyboard */,
			);
			path = View;
			sourceTree = "<group>";
		};
		14AE1BAF26151E0D00A9911F /* Model */ = {
			isa = PBXGroup;
			children = (
				14AE1BAA26151CAF00A9911F /* WeatherData.swift */,
				14AC870026158BA3001D287A /* WeatherVIiewModel.swift */,
				14AE1BB42615383D00A9911F /* WeatherTempData.swift */,
			);
			path = Model;
			sourceTree = "<group>";
		};
/* End PBXGroup section */

/* Begin PBXNativeTarget section */
		14AE1B8D2614E52100A9911F /* WeatherApp */ = {
			isa = PBXNativeTarget;
			buildConfigurationList = 14AE1BA22614E52200A9911F /* Build configuration list for PBXNativeTarget "WeatherApp" */;
			buildPhases = (
				14AE1B8A2614E52100A9911F /* Sources */,
				14AE1B8B2614E52100A9911F /* Frameworks */,
				14AE1B8C2614E52100A9911F /* Resources */,
			);
			buildRules = (
			);
			dependencies = (
			);
			name = WeatherApp;
			productName = WeatherApp;
			productReference = 14AE1B8E2614E52100A9911F /* WeatherApp.app */;
			productType = "com.apple.product-type.application";
		};
/* End PBXNativeTarget section */

/* Begin PBXProject section */
		14AE1B862614E52100A9911F /* Project object */ = {
			isa = PBXProject;
			attributes = {
				LastSwiftUpdateCheck = 1240;
				LastUpgradeCheck = 1240;
				TargetAttributes = {
					14AE1B8D2614E52100A9911F = {
						CreatedOnToolsVersion = 12.4;
					};
				};
			};
			buildConfigurationList = 14AE1B892614E52100A9911F /* Build configuration list for PBXProject "WeatherApp" */;
			compatibilityVersion = "Xcode 9.3";
			developmentRegion = en;
			hasScannedForEncodings = 0;
			knownRegions = (
				en,
				Base,
			);
			mainGroup = 14AE1B852614E52100A9911F;
			productRefGroup = 14AE1B8F2614E52100A9911F /* Products */;
			projectDirPath = "";
			projectRoot = "";
			targets = (
				14AE1B8D2614E52100A9911F /* WeatherApp */,
			);
		};
/* End PBXProject section */

/* Begin PBXResourcesBuildPhase section */
		14AE1B8C2614E52100A9911F /* Resources */ = {
			isa = PBXResourcesBuildPhase;
			buildActionMask = 2147483647;
			files = (
				14AE1B9E2614E52200A9911F /* LaunchScreen.storyboard in Resources */,
				14AE1B9B2614E52200A9911F /* Assets.xcassets in Resources */,
				14AE1B992614E52100A9911F /* Main.storyboard in Resources */,
			);
			runOnlyForDeploymentPostprocessing = 0;
		};
/* End PBXResourcesBuildPhase section */

/* Begin PBXSourcesBuildPhase section */
		14AE1B8A2614E52100A9911F /* Sources */ = {
			isa = PBXSourcesBuildPhase;
			buildActionMask = 2147483647;
			files = (
				14AE1B962614E52100A9911F /* WeatherViewController.swift in Sources */,
				14AC870126158BA4001D287A /* WeatherVIiewModel.swift in Sources */,
				14AE1B922614E52100A9911F /* AppDelegate.swift in Sources */,
				14AE1BAB26151CAF00A9911F /* WeatherData.swift in Sources */,
				14AE1B942614E52100A9911F /* SceneDelegate.swift in Sources */,
				14AE1BB52615383D00A9911F /* WeatherTempData.swift in Sources */,
			);
			runOnlyForDeploymentPostprocessing = 0;
		};
/* End PBXSourcesBuildPhase section */

/* Begin PBXVariantGroup section */
		14AE1B972614E52100A9911F /* Main.storyboard */ = {
			isa = PBXVariantGroup;
			children = (
				14AE1B982614E52100A9911F /* Base */,
			);
			name = Main.storyboard;
			sourceTree = "<group>";
		};
		14AE1B9C2614E52200A9911F /* LaunchScreen.storyboard */ = {
			isa = PBXVariantGroup;
			children = (
				14AE1B9D2614E52200A9911F /* Base */,
			);
			name = LaunchScreen.storyboard;
			sourceTree = "<group>";
		};
/* End PBXVariantGroup section */

/* Begin XCBuildConfiguration section */
		14AE1BA02614E52200A9911F /* Debug */ = {
			isa = XCBuildConfiguration;
			buildSettings = {
				ALWAYS_SEARCH_USER_PATHS = NO;
				CLANG_ANALYZER_NONNULL = YES;
				CLANG_ANALYZER_NUMBER_OBJECT_CONVERSION = YES_AGGRESSIVE;
				CLANG_CXX_LANGUAGE_STANDARD = "gnu++14";
				CLANG_CXX_LIBRARY = "libc++";
				CLANG_ENABLE_MODULES = YES;
				CLANG_ENABLE_OBJC_ARC = YES;
				CLANG_ENABLE_OBJC_WEAK = YES;
				CLANG_WARN_BLOCK_CAPTURE_AUTORELEASING = YES;
				CLANG_WARN_BOOL_CONVERSION = YES;
				CLANG_WARN_COMMA = YES;
				CLANG_WARN_CONSTANT_CONVERSION = YES;
				CLANG_WARN_DEPRECATED_OBJC_IMPLEMENTATIONS = YES;
				CLANG_WARN_DIRECT_OBJC_ISA_USAGE = YES_ERROR;
				CLANG_WARN_DOCUMENTATION_COMMENTS = YES;
				CLANG_WARN_EMPTY_BODY = YES;
				CLANG_WARN_ENUM_CONVERSION = YES;
				CLANG_WARN_INFINITE_RECURSION = YES;
				CLANG_WARN_INT_CONVERSION = YES;
				CLANG_WARN_NON_LITERAL_NULL_CONVERSION = YES;
				CLANG_WARN_OBJC_IMPLICIT_RETAIN_SELF = YES;
				CLANG_WARN_OBJC_LITERAL_CONVERSION = YES;
				CLANG_WARN_OBJC_ROOT_CLASS = YES_ERROR;
				CLANG_WARN_QUOTED_INCLUDE_IN_FRAMEWORK_HEADER = YES;
				CLANG_WARN_RANGE_LOOP_ANALYSIS = YES;
				CLANG_WARN_STRICT_PROTOTYPES = YES;
				CLANG_WARN_SUSPICIOUS_MOVE = YES;
				CLANG_WARN_UNGUARDED_AVAILABILITY = YES_AGGRESSIVE;
				CLANG_WARN_UNREACHABLE_CODE = YES;
				CLANG_WARN__DUPLICATE_METHOD_MATCH = YES;
				COPY_PHASE_STRIP = NO;
				DEBUG_INFORMATION_FORMAT = dwarf;
				ENABLE_STRICT_OBJC_MSGSEND = YES;
				ENABLE_TESTABILITY = YES;
				GCC_C_LANGUAGE_STANDARD = gnu11;
				GCC_DYNAMIC_NO_PIC = NO;
				GCC_NO_COMMON_BLOCKS = YES;
				GCC_OPTIMIZATION_LEVEL = 0;
				GCC_PREPROCESSOR_DEFINITIONS = (
					"DEBUG=1",
					"$(inherited)",
				);
				GCC_WARN_64_TO_32_BIT_CONVERSION = YES;
				GCC_WARN_ABOUT_RETURN_TYPE = YES_ERROR;
				GCC_WARN_UNDECLARED_SELECTOR = YES;
				GCC_WARN_UNINITIALIZED_AUTOS = YES_AGGRESSIVE;
				GCC_WARN_UNUSED_FUNCTION = YES;
				GCC_WARN_UNUSED_VARIABLE = YES;
				IPHONEOS_DEPLOYMENT_TARGET = 14.4;
				MTL_ENABLE_DEBUG_INFO = INCLUDE_SOURCE;
				MTL_FAST_MATH = YES;
				ONLY_ACTIVE_ARCH = YES;
				SDKROOT = iphoneos;
				SWIFT_ACTIVE_COMPILATION_CONDITIONS = DEBUG;
				SWIFT_OPTIMIZATION_LEVEL = "-Onone";
			};
			name = Debug;
		};
		14AE1BA12614E52200A9911F /* Release */ = {
			isa = XCBuildConfiguration;
			buildSettings = {
				ALWAYS_SEARCH_USER_PATHS = NO;
				CLANG_ANALYZER_NONNULL = YES;
				CLANG_ANALYZER_NUMBER_OBJECT_CONVERSION = YES_AGGRESSIVE;
				CLANG_CXX_LANGUAGE_STANDARD = "gnu++14";
				CLANG_CXX_LIBRARY = "libc++";
				CLANG_ENABLE_MODULES = YES;
				CLANG_ENABLE_OBJC_ARC = YES;
				CLANG_ENABLE_OBJC_WEAK = YES;
				CLANG_WARN_BLOCK_CAPTURE_AUTORELEASING = YES;
				CLANG_WARN_BOOL_CONVERSION = YES;
				CLANG_WARN_COMMA = YES;
				CLANG_WARN_CONSTANT_CONVERSION = YES;
				CLANG_WARN_DEPRECATED_OBJC_IMPLEMENTATIONS = YES;
				CLANG_WARN_DIRECT_OBJC_ISA_USAGE = YES_ERROR;
				CLANG_WARN_DOCUMENTATION_COMMENTS = YES;
				CLANG_WARN_EMPTY_BODY = YES;
				CLANG_WARN_ENUM_CONVERSION = YES;
				CLANG_WARN_INFINITE_RECURSION = YES;
				CLANG_WARN_INT_CONVERSION = YES;
				CLANG_WARN_NON_LITERAL_NULL_CONVERSION = YES;
				CLANG_WARN_OBJC_IMPLICIT_RETAIN_SELF = YES;
				CLANG_WARN_OBJC_LITERAL_CONVERSION = YES;
				CLANG_WARN_OBJC_ROOT_CLASS = YES_ERROR;
				CLANG_WARN_QUOTED_INCLUDE_IN_FRAMEWORK_HEADER = YES;
				CLANG_WARN_RANGE_LOOP_ANALYSIS = YES;
				CLANG_WARN_STRICT_PROTOTYPES = YES;
				CLANG_WARN_SUSPICIOUS_MOVE = YES;
				CLANG_WARN_UNGUARDED_AVAILABILITY = YES_AGGRESSIVE;
				CLANG_WARN_UNREACHABLE_CODE = YES;
				CLANG_WARN__DUPLICATE_METHOD_MATCH = YES;
				COPY_PHASE_STRIP = NO;
				DEBUG_INFORMATION_FORMAT = "dwarf-with-dsym";
				ENABLE_NS_ASSERTIONS = NO;
				ENABLE_STRICT_OBJC_MSGSEND = YES;
				GCC_C_LANGUAGE_STANDARD = gnu11;
				GCC_NO_COMMON_BLOCKS = YES;
				GCC_WARN_64_TO_32_BIT_CONVERSION = YES;
				GCC_WARN_ABOUT_RETURN_TYPE = YES_ERROR;
				GCC_WARN_UNDECLARED_SELECTOR = YES;
				GCC_WARN_UNINITIALIZED_AUTOS = YES_AGGRESSIVE;
				GCC_WARN_UNUSED_FUNCTION = YES;
				GCC_WARN_UNUSED_VARIABLE = YES;
				IPHONEOS_DEPLOYMENT_TARGET = 14.4;
				MTL_ENABLE_DEBUG_INFO = NO;
				MTL_FAST_MATH = YES;
				SDKROOT = iphoneos;
				SWIFT_COMPILATION_MODE = wholemodule;
				SWIFT_OPTIMIZATION_LEVEL = "-O";
				VALIDATE_PRODUCT = YES;
			};
			name = Release;
		};
		14AE1BA32614E52200A9911F /* Debug */ = {
			isa = XCBuildConfiguration;
			buildSettings = {
				ASSETCATALOG_COMPILER_APPICON_NAME = AppIcon;
				ASSETCATALOG_COMPILER_GLOBAL_ACCENT_COLOR_NAME = AccentColor;
				CODE_SIGN_STYLE = Automatic;
				DEVELOPMENT_TEAM = CA6PY2LF2K;
				INFOPLIST_FILE = WeatherApp/Info.plist;
				LD_RUNPATH_SEARCH_PATHS = (
					"$(inherited)",
					"@executable_path/Frameworks",
				);
				PRODUCT_BUNDLE_IDENTIFIER = com.yxinghang.WeatherApp;
				PRODUCT_NAME = "$(TARGET_NAME)";
				SWIFT_VERSION = 5.0;
				TARGETED_DEVICE_FAMILY = "1,2";
			};
			name = Debug;
		};
		14AE1BA42614E52200A9911F /* Release */ = {
			isa = XCBuildConfiguration;
			buildSettings = {
				ASSETCATALOG_COMPILER_APPICON_NAME = AppIcon;
				ASSETCATALOG_COMPILER_GLOBAL_ACCENT_COLOR_NAME = AccentColor;
				CODE_SIGN_STYLE = Automatic;
				DEVELOPMENT_TEAM = CA6PY2LF2K;
				INFOPLIST_FILE = WeatherApp/Info.plist;
				LD_RUNPATH_SEARCH_PATHS = (
					"$(inherited)",
					"@executable_path/Frameworks",
				);
				PRODUCT_BUNDLE_IDENTIFIER = com.yxinghang.WeatherApp;
				PRODUCT_NAME = "$(TARGET_NAME)";
				SWIFT_VERSION = 5.0;
				TARGETED_DEVICE_FAMILY = "1,2";
			};
			name = Release;
		};
/* End XCBuildConfiguration section */

/* Begin XCConfigurationList section */
		14AE1B892614E52100A9911F /* Build configuration list for PBXProject "WeatherApp" */ = {
			isa = XCConfigurationList;
			buildConfigurations = (
				14AE1BA02614E52200A9911F /* Debug */,
				14AE1BA12614E52200A9911F /* Release */,
			);
			defaultConfigurationIsVisible = 0;
			defaultConfigurationName = Release;
		};
		14AE1BA22614E52200A9911F /* Build configuration list for PBXNativeTarget "WeatherApp" */ = {
			isa = XCConfigurationList;
			buildConfigurations = (
				14AE1BA32614E52200A9911F /* Debug */,
				14AE1BA42614E52200A9911F /* Release */,
			);
			defaultConfigurationIsVisible = 0;
			defaultConfigurationName = Release;
		};
/* End XCConfigurationList section */
	};
	rootObject = 14AE1B862614E52100A9911F /* Project object */;
}
